
Microsoft Visual Studio Solution File, Format Version 12.00
# Visual Studio Version 17
VisualStudioVersion = 17.11.35208.52
MinimumVisualStudioVersion = 10.0.40219.1
Project("{9A19103F-16F7-4668-BE54-9A1E7A4F7556}") = "WpfRealtimeDemo", "WpfRealtimeDemo\WpfRealtimeDemo.csproj", "{BDC5D9A6-89E4-493F-9556-F6D2FC535C7E}"
EndProject
Global
	GlobalSection(SolutionConfigurationPlatforms) = preSolution
		Debug|Any CPU = Debug|Any CPU
		Release|Any CPU = Release|Any CPU
	EndGlobalSection
	GlobalSection(ProjectConfigurationPlatforms) = postSolution
		{BDC5D9A6-89E4-493F-9556-F6D2FC535C7E}.Debug|Any CPU.ActiveCfg = Debug|Any CPU
		{BDC5D9A6-89E4-493F-9556-F6D2FC535C7E}.Debug|Any CPU.Build.0 = Debug|Any CPU
		{BDC5D9A6-89E4-493F-9556-F6D2FC535C7E}.Release|Any CPU.ActiveCfg = Release|Any CPU
		{BDC5D9A6-89E4-493F-9556-F6D2FC535C7E}.Release|Any CPU.Build.0 = Release|Any CPU
	EndGlobalSection
	GlobalSection(SolutionProperties) = preSolution
		HideSolutionNode = FALSE
	EndGlobalSection
	GlobalSection(ExtensibilityGlobals) = postSolution
		SolutionGuid = {3166D2AC-8234-4001-A40C-AE8BA0399152}
	EndGlobalSection
EndGlobal
